<?xml version="1.0" encoding="utf-8"?>
<Project ToolsVersion="4.0" xmlns="http://schemas.microsoft.com/developer/msbuild/2003">
  <ItemGroup>
    <Filter Include="Source Files">
      <UniqueIdentifier>{4FC737F1-C7A5-4376-A066-2A32D752A2FF}</UniqueIdentifier>
      <Extensions>cpp;c;cc;cxx;def;odl;idl;hpj;bat;asm;asmx</Extensions>
    </Filter>
    <Filter Include="Header Files">
      <UniqueIdentifier>{93995380-89BD-4b04-88EB-625FBE52EBFB}</UniqueIdentifier>
      <Extensions>h;hh;hpp;hxx;hm;inl;inc;ipp;xsd</Extensions>
    </Filter>
    <Filter Include="Resource Files">
      <UniqueIdentifier>{67DA6AB6-F800-4c08-8B7A-83BB121AAD01}</UniqueIdentifier>
      <Extensions>rc;ico;cur;bmp;dlg;rc2;rct;bin;rgs;gif;jpg;jpeg;jpe;resx;tiff;tif;png;wav;mfcribbon-ms</Extensions>
    </Filter>
  </ItemGroup>
  <ItemGroup>
    <ClInclude Include="source\sirelphy.h">
      <Filter>Header Files</Filter>
    </ClInclude>
    <ClInclude Include="source\unitlib\units\length.h">
      <Filter>Header Files</Filter>
    </ClInclude>
    <ClInclude Include="source\unitlib\units\time.h">
      <Filter>Header Files</Filter>
    </ClInclude>
    <ClInclude Include="source\unitlib\si_prefixes.h">
      <Filter>Header Files</Filter>
    </ClInclude>
    <ClInclude Include="source\unitlib\unitlib.h">
      <Filter>Header Files</Filter>
    </ClInclude>
    <ClInclude Include="source\unitlib\macro_debugging.h">
      <Filter>Header Files</Filter>
    </ClInclude>
    <ClInclude Include="source\unitlib\units\helper_macros.h">
      <Filter>Header Files</Filter>
    </ClInclude>
    <ClInclude Include="source\physics\relativity.h">
      <Filter>Header Files</Filter>
    </ClInclude>
    <ClInclude Include="source\utils\exceptions.h">
      <Filter>Header Files</Filter>
    </ClInclude>
    <ClInclude Include="source\utils\randomnumbers.h">
      <Filter>Header Files</Filter>
    </ClInclude>
    <ClInclude Include="source\unitlib\units\mass.h">
      <Filter>Header Files</Filter>
    </ClInclude>
    <ClInclude Include="source\unitlib\units\energy.h">
      <Filter>Header Files</Filter>
    </ClInclude>
    <ClInclude Include="source\unitlib\units\angle.h">
      <Filter>Header Files</Filter>
    </ClInclude>
    <ClInclude Include="source\unitlib\units\temperature.h">
      <Filter>Header Files</Filter>
    </ClInclude>
    <ClInclude Include="source\unitlib\units\velocity.h">
      <Filter>Header Files</Filter>
    </ClInclude>
    <ClInclude Include="source\unitlib\units\dimensionless.h">
      <Filter>Header Files</Filter>
    </ClInclude>
    <ClInclude Include="source\unitlib\constants.h">
      <Filter>Header Files</Filter>
    </ClInclude>
    <ClInclude Include="source\physics\vector\vector_nd.h">
      <Filter>Header Files</Filter>
    </ClInclude>
    <ClInclude Include="source\physics\objects\origin.h">
      <Filter>Header Files</Filter>
    </ClInclude>
    <ClInclude Include="source\physics\objects\object.h">
      <Filter>Header Files</Filter>
    </ClInclude>
    <ClInclude Include="source\physics\objects\frame.h">
      <Filter>Header Files</Filter>
    </ClInclude>
    <ClInclude Include="source\physics\objects\particle.h">
      <Filter>Header Files</Filter>
    </ClInclude>
    <ClInclude Include="source\physics\composites\bounding.h">
      <Filter>Header Files</Filter>
    </ClInclude>
    <ClInclude Include="source\physics\objects\object_compound.h">
      <Filter>Header Files</Filter>
    </ClInclude>
    <ClInclude Include="source\physics\forces\forces.h">
      <Filter>Header Files</Filter>
    </ClInclude>
    <ClInclude Include="source\physics\forces\gravity.h">
      <Filter>Header Files</Filter>
    </ClInclude>
    <ClInclude Include="source\physics\forces\property.h">
      <Filter>Header Files</Filter>
    </ClInclude>
    <ClInclude Include="source\physics\objects\particleclass.h">
      <Filter>Header Files</Filter>
    </ClInclude>
    <ClInclude Include="source\physics\universe\universe.h">
      <Filter>Header Files</Filter>
    </ClInclude>
    <ClInclude Include="source\physics\vector\vector_3d.h">
      <Filter>Header Files</Filter>
    </ClInclude>
    <ClInclude Include="source\physics\vector\vector_4d.h">
      <Filter>Header Files</Filter>
    </ClInclude>
    <ClInclude Include="source\physics\vector\vector_2d.h">
      <Filter>Header Files</Filter>
    </ClInclude>
    <ClInclude Include="source\physics\vector\special\vector_length.h">
      <Filter>Header Files</Filter>
    </ClInclude>
    <ClInclude Include="source\physics\vector\special\vector_lengthtime.h">
      <Filter>Header Files</Filter>
    </ClInclude>
    <ClInclude Include="source\physics\vector\special\vector_velocity.h">
      <Filter>Header Files</Filter>
    </ClInclude>
    <ClInclude Include="source\physics\universe\scenemanager.h">
      <Filter>Header Files</Filter>
    </ClInclude>
    <ClInclude Include="source\physics\objects\blop.h">
      <Filter>Header Files</Filter>
    </ClInclude>
    <ClInclude Include="source\physics\vector\special\vector_unit3d.h">
      <Filter>Header Files</Filter>
    </ClInclude>
    <ClInclude Include="source\unitlib\units\base\dimension_templates.h">
      <Filter>Header Files</Filter>
    </ClInclude>
    <ClInclude Include="source\unitlib\units\base\dimension_fundamentals.h">
      <Filter>Header Files</Filter>
    </ClInclude>
    <ClInclude Include="source\unitlib\units\base\baseunit.h">
      <Filter>Header Files</Filter>
    </ClInclude>
    <ClInclude Include="source\interface\universe_interface.h">
      <Filter>Header Files</Filter>
    </ClInclude>
    <ClInclude Include="source\interface\object_interface.h">
      <Filter>Header Files</Filter>
    </ClInclude>
    <ClInclude Include="source\precomp.h">
      <Filter>Header Files</Filter>
    </ClInclude>
  </ItemGroup>
  <ItemGroup>
    <ClCompile Include="source\sirelphy.cpp">
      <Filter>Source Files</Filter>
    </ClCompile>
    <ClCompile Include="source\utils\exceptions.cpp">
      <Filter>Source Files</Filter>
    </ClCompile>
    <ClCompile Include="source\utils\randomnumbers.cpp">
      <Filter>Source Files</Filter>
    </ClCompile>
    <ClCompile Include="source\unitlib\units\energy.cpp">
      <Filter>Source Files</Filter>
    </ClCompile>
    <ClCompile Include="source\unitlib\units\mass.cpp">
      <Filter>Source Files</Filter>
    </ClCompile>
    <ClCompile Include="source\physics\vector\vector_nd.cpp">
      <Filter>Source Files</Filter>
    </ClCompile>
    <ClCompile Include="source\physics\objects\object.cpp">
      <Filter>Source Files</Filter>
    </ClCompile>
    <ClCompile Include="source\physics\objects\frame.cpp">
      <Filter>Source Files</Filter>
    </ClCompile>
    <ClCompile Include="source\physics\objects\particle.cpp">
      <Filter>Source Files</Filter>
    </ClCompile>
    <ClCompile Include="source\physics\objects\object_compound.cpp">
      <Filter>Source Files</Filter>
    </ClCompile>
    <ClCompile Include="source\physics\forces\gravity.cpp">
      <Filter>Source Files</Filter>
    </ClCompile>
    <ClCompile Include="source\physics\forces\forces.cpp">
      <Filter>Source Files</Filter>
    </ClCompile>
    <ClCompile Include="source\physics\forces\property.cpp">
      <Filter>Source Files</Filter>
    </ClCompile>
    <ClCompile Include="source\physics\objects\particleclass.cpp">
      <Filter>Source Files</Filter>
    </ClCompile>
    <ClCompile Include="source\physics\universe\universe.cpp">
      <Filter>Source Files</Filter>
    </ClCompile>
    <ClCompile Include="source\physics\vector\vector_3d.cpp">
      <Filter>Source Files</Filter>
    </ClCompile>
    <ClCompile Include="source\physics\vector\vector_2d.cpp">
      <Filter>Source Files</Filter>
    </ClCompile>
    <ClCompile Include="source\physics\vector\vector_4d.cpp">
      <Filter>Source Files</Filter>
    </ClCompile>
    <ClCompile Include="source\unitlib\units\velocity.cpp">
      <Filter>Source Files</Filter>
    </ClCompile>
    <ClCompile Include="source\interface\universe_interface.cpp">
      <Filter>Source Files</Filter>
    </ClCompile>
    <ClCompile Include="source\interface\object_interface.cpp">
      <Filter>Source Files</Filter>
    </ClCompile>
    <ClCompile Include="source\precomp.cpp">
      <Filter>Source Files</Filter>
    </ClCompile>
  </ItemGroup>
</Project>