
Microsoft Visual Studio Solution File, Format Version 12.00
# Visual Studio Version 16
VisualStudioVersion = 16.0.30011.22
MinimumVisualStudioVersion = 10.0.40219.1
Project("{8BC9CEB8-8B4A-11D0-8D11-00A0C91BC942}") = "Sirelphy", "Sirelphy.vcxproj", "{F6617EC0-294A-4E60-94F7-2C39BD4F7BB7}"
EndProject
Global
	GlobalSection(SolutionConfigurationPlatforms) = preSolution
		Debug|x64 = Debug|x64
		Release|x64 = Release|x64
	EndGlobalSection
	GlobalSection(ProjectConfigurationPlatforms) = postSolution
		{F6617EC0-294A-4E60-94F7-2C39BD4F7BB7}.Debug|x64.ActiveCfg = DebugBGFX|x64
		{F6617EC0-294A-4E60-94F7-2C39BD4F7BB7}.Debug|x64.Build.0 = DebugBGFX|x64
		{F6617EC0-294A-4E60-94F7-2C39BD4F7BB7}.Release|x64.ActiveCfg = ReleaseConsole|x64
		{F6617EC0-294A-4E60-94F7-2C39BD4F7BB7}.Release|x64.Build.0 = ReleaseConsole|x64
	EndGlobalSection
	GlobalSection(SolutionProperties) = preSolution
		HideSolutionNode = FALSE
	EndGlobalSection
	GlobalSection(ExtensibilityGlobals) = postSolution
		SolutionGuid = {F26ECD11-D413-4B66-907F-6263073C9F23}
	EndGlobalSection
EndGlobal
